# THIS IS AN AUTOGENERATED FILE. DO NOT EDIT THIS FILE DIRECTLY.
# yarn lockfile v1


"@types/chai-subset@^1.3.3":
  "integrity" "sha512-frBecisrNGz+F4T6bcc+NLeolfiojh5FxW2klu669+8BARtyQv2C/GkNW6FUodVe4BroGMP/wER/YDGc7rEllw=="
  "resolved" "https://registry.npmjs.org/@types/chai-subset/-/chai-subset-1.3.3.tgz"
  "version" "1.3.3"
  dependencies:
    "@types/chai" "*"

"@types/chai@*", "@types/chai@^4.3.0":
  "integrity" "sha512-/ceqdqeRraGolFTcfoXNiqjyQhZzbINDngeoAq9GoHa8PPK1yNzTaxWjA6BFWp5Ua9JpXEMSS4s5i9tS0hOJtw=="
  "resolved" "https://registry.npmjs.org/@types/chai/-/chai-4.3.0.tgz"
  "version" "4.3.0"

"abab@^2.0.3", "abab@^2.0.5":
  "integrity" "sha1-wLZ4+zLWD8EhnHhNaoJv44Wut5o="
  "resolved" "https://registry.npm.alibaba-inc.com/abab/download/abab-2.0.5.tgz"
  "version" "2.0.5"

"acorn-globals@^6.0.0":
  "integrity" "sha1-Rs3Tnw+P8IqHZhm1X1rIptx3C0U="
  "resolved" "https://registry.npm.alibaba-inc.com/acorn-globals/download/acorn-globals-6.0.0.tgz"
  "version" "6.0.0"
  dependencies:
    "acorn" "^7.1.1"
    "acorn-walk" "^7.1.1"

"acorn-walk@^7.1.1":
  "integrity" "sha1-DeiJpgEgOQmw++B7iTjcIdLpZ7w="
  "resolved" "https://registry.npm.alibaba-inc.com/acorn-walk/download/acorn-walk-7.2.0.tgz"
  "version" "7.2.0"

"acorn@^7.1.1":
  "integrity" "sha1-/q7SVZc9LndVW4PbwIhRpsY1IPo="
  "resolved" "https://registry.npm.alibaba-inc.com/acorn/download/acorn-7.4.1.tgz"
  "version" "7.4.1"

"acorn@^8.1.0":
  "integrity" "sha1-UjEf1wN64RnLsTQwnpAapGKVs/4="
  "resolved" "https://registry.npm.alibaba-inc.com/acorn/download/acorn-8.1.0.tgz"
  "version" "8.1.0"

"ajv@^6.12.3":
  "integrity" "sha1-uvWmLoArB9l3A0WG+MO69a3ybfQ="
  "resolved" "https://registry.npm.alibaba-inc.com/ajv/download/ajv-6.12.6.tgz"
  "version" "6.12.6"
  dependencies:
    "fast-deep-equal" "^3.1.1"
    "fast-json-stable-stringify" "^2.0.0"
    "json-schema-traverse" "^0.4.1"
    "uri-js" "^4.2.2"

"ansi-styles@^3.2.1":
  "integrity" "sha1-QfuyAkPlCxK+DwS43tvwdSDOhB0="
  "resolved" "https://registry.npm.alibaba-inc.com/ansi-styles/download/ansi-styles-3.2.1.tgz"
  "version" "3.2.1"
  dependencies:
    "color-convert" "^1.9.0"

"asn1@~0.2.3":
  "integrity" "sha1-jSR136tVO7M+d7VOWeiAu4ziMTY="
  "resolved" "https://registry.npm.alibaba-inc.com/asn1/download/asn1-0.2.4.tgz"
  "version" "0.2.4"
  dependencies:
    "safer-buffer" "~2.1.0"

"assert-plus@^1.0.0", "assert-plus@1.0.0":
  "integrity" "sha1-8S4PPF13sLHN2RRpQuTpbB5N1SU="
  "resolved" "https://registry.npm.alibaba-inc.com/assert-plus/download/assert-plus-1.0.0.tgz"
  "version" "1.0.0"

"assertion-error@^1.1.0":
  "integrity" "sha512-jgsaNduz+ndvGyFt3uSuWqvy4lCnIJiovtouQN5JZHOKCS2QuhEdbcQHFhVksz2N2U9hXJo8odG7ETyWlEeuDw=="
  "resolved" "https://registry.npmjs.org/assertion-error/-/assertion-error-1.1.0.tgz"
  "version" "1.1.0"

"asynckit@^0.4.0":
  "integrity" "sha1-x57Zf380y48robyXkLzDZkdLS3k="
  "resolved" "https://registry.npm.alibaba-inc.com/asynckit/download/asynckit-0.4.0.tgz"
  "version" "0.4.0"

"aws-sign2@~0.7.0":
  "integrity" "sha1-tG6JCTSpWR8tL2+G1+ap8bP+dqg="
  "resolved" "https://registry.npm.alibaba-inc.com/aws-sign2/download/aws-sign2-0.7.0.tgz"
  "version" "0.7.0"

"aws4@^1.8.0":
  "integrity" "sha1-1h9G2DslGSUOJ4Ta9bCUeai0HFk="
  "resolved" "https://registry.npm.alibaba-inc.com/aws4/download/aws4-1.11.0.tgz"
  "version" "1.11.0"

"bcrypt-pbkdf@^1.0.0":
  "integrity" "sha1-pDAdOJtqQ/m2f/PKEaP2Y342Dp4="
  "resolved" "https://registry.npm.alibaba-inc.com/bcrypt-pbkdf/download/bcrypt-pbkdf-1.0.2.tgz"
  "version" "1.0.2"
  dependencies:
    "tweetnacl" "^0.14.3"

"browser-process-hrtime@^1.0.0":
  "integrity" "sha1-PJtLfXgsgSHlbxAQbYTA0P/JRiY="
  "resolved" "https://registry.npm.alibaba-inc.com/browser-process-hrtime/download/browser-process-hrtime-1.0.0.tgz"
  "version" "1.0.0"

"caseless@~0.12.0":
  "integrity" "sha1-G2gcIf+EAzyCZUMJBolCDRhxUdw="
  "resolved" "https://registry.npm.alibaba-inc.com/caseless/download/caseless-0.12.0.tgz"
  "version" "0.12.0"

"chai@^4.3.6":
  "integrity" "sha512-bbcp3YfHCUzMOvKqsztczerVgBKSsEijCySNlHHbX3VG1nskvqjz5Rfso1gGwD6w6oOV3eI60pKuMOV5MV7p3Q=="
  "resolved" "https://registry.npmjs.org/chai/-/chai-4.3.6.tgz"
  "version" "4.3.6"
  dependencies:
    "assertion-error" "^1.1.0"
    "check-error" "^1.0.2"
    "deep-eql" "^3.0.1"
    "get-func-name" "^2.0.0"
    "loupe" "^2.3.1"
    "pathval" "^1.1.1"
    "type-detect" "^4.0.5"

"chalk@^2.4.2":
  "integrity" "sha1-zUJUFnelQzPPVBpJEIwUMrRMlCQ="
  "resolved" "https://registry.npm.alibaba-inc.com/chalk/download/chalk-2.4.2.tgz"
  "version" "2.4.2"
  dependencies:
    "ansi-styles" "^3.2.1"
    "escape-string-regexp" "^1.0.5"
    "supports-color" "^5.3.0"

"check-error@^1.0.2":
  "integrity" "sha1-V00xLt2Iu13YkS6Sht1sCu1KrII="
  "resolved" "https://registry.npmjs.org/check-error/-/check-error-1.0.2.tgz"
  "version" "1.0.2"

"color-convert@^1.9.0":
  "integrity" "sha1-u3GFBpDh8TZWfeYp0tVHHe2kweg="
  "resolved" "https://registry.npm.alibaba-inc.com/color-convert/download/color-convert-1.9.3.tgz"
  "version" "1.9.3"
  dependencies:
    "color-name" "1.1.3"

"color-name@1.1.3":
  "integrity" "sha1-p9BVi9icQveV3UIyj3QIMcpTvCU="
  "resolved" "https://registry.npm.alibaba-inc.com/color-name/download/color-name-1.1.3.tgz"
  "version" "1.1.3"

"combined-stream@^1.0.6", "combined-stream@~1.0.6":
  "integrity" "sha1-w9RaizT9cwYxoRCoolIGgrMdWn8="
  "resolved" "https://registry.npm.alibaba-inc.com/combined-stream/download/combined-stream-1.0.8.tgz"
  "version" "1.0.8"
  dependencies:
    "delayed-stream" "~1.0.0"

"core-util-is@1.0.2":
  "integrity" "sha1-tf1UIgqivFq1eqtxQMlAdUUDwac="
  "resolved" "https://registry.npm.alibaba-inc.com/core-util-is/download/core-util-is-1.0.2.tgz"
  "version" "1.0.2"

"cssom@^0.4.4":
  "integrity" "sha1-WmbPk9LQtmHYC/akT7ZfXC5OChA="
  "resolved" "https://registry.npm.alibaba-inc.com/cssom/download/cssom-0.4.4.tgz"
  "version" "0.4.4"

"cssom@~0.3.6":
  "integrity" "sha1-nxJ29bK0Y/IRTT8sdSUK+MGjb0o="
  "resolved" "https://registry.npm.alibaba-inc.com/cssom/download/cssom-0.3.8.tgz"
  "version" "0.3.8"

"cssstyle@^2.3.0":
  "integrity" "sha1-/2ZaDdvcMYZLCWR/NBY0Q9kLCFI="
  "resolved" "https://registry.npm.alibaba-inc.com/cssstyle/download/cssstyle-2.3.0.tgz"
  "version" "2.3.0"
  dependencies:
    "cssom" "~0.3.6"

"dashdash@^1.12.0":
  "integrity" "sha1-hTz6D3y+L+1d4gMmuN1YEDX24vA="
  "resolved" "https://registry.npm.alibaba-inc.com/dashdash/download/dashdash-1.14.1.tgz"
  "version" "1.14.1"
  dependencies:
    "assert-plus" "^1.0.0"

"data-urls@^2.0.0":
  "integrity" "sha1-FWSFpyljqXD11YIar2Qr7yvy25s="
  "resolved" "https://registry.npm.alibaba-inc.com/data-urls/download/data-urls-2.0.0.tgz"
  "version" "2.0.0"
  dependencies:
    "abab" "^2.0.3"
    "whatwg-mimetype" "^2.3.0"
    "whatwg-url" "^8.0.0"

"decimal.js@^10.2.1":
  "integrity" "sha1-I4rnsPDHk9PjzqQQEIs1osAUJqM="
  "resolved" "https://registry.npm.alibaba-inc.com/decimal.js/download/decimal.js-10.2.1.tgz"
  "version" "10.2.1"

"deep-eql@^3.0.1":
  "integrity" "sha512-+QeIQyN5ZuO+3Uk5DYh6/1eKO0m0YmJFGNmFHGACpf1ClL1nmlV/p4gNgbl2pJGxgXb4faqo6UE+M5ACEMyVcw=="
  "resolved" "https://registry.npmjs.org/deep-eql/-/deep-eql-3.0.1.tgz"
  "version" "3.0.1"
  dependencies:
    "type-detect" "^4.0.0"

"deep-is@~0.1.3":
  "integrity" "sha1-s2nW+128E+7PUk+RsHD+7cNXzzQ="
  "resolved" "https://registry.npm.alibaba-inc.com/deep-is/download/deep-is-0.1.3.tgz"
  "version" "0.1.3"

"delayed-stream@~1.0.0":
  "integrity" "sha1-3zrhmayt+31ECqrgsp4icrJOxhk="
  "resolved" "https://registry.npm.alibaba-inc.com/delayed-stream/download/delayed-stream-1.0.0.tgz"
  "version" "1.0.0"

"did-you-mean@^0.0.1":
  "integrity" "sha1-iFHOgkB5A8tiwSy2rU9naSHM3sM="
  "resolved" "https://registry.npm.alibaba-inc.com/did-you-mean/download/did-you-mean-0.0.1.tgz"
  "version" "0.0.1"
  dependencies:
    "levenshtein" "*"
    "underscore" "*"

"domexception@^2.0.1":
  "integrity" "sha1-+0Su+6eT4VdLCvau0oAdBXUp8wQ="
  "resolved" "https://registry.npm.alibaba-inc.com/domexception/download/domexception-2.0.1.tgz"
  "version" "2.0.1"
  dependencies:
    "webidl-conversions" "^5.0.0"

"ecc-jsbn@~0.1.1":
  "integrity" "sha1-OoOpBOVDUyh4dMVkt1SThoSamMk="
  "resolved" "https://registry.npm.alibaba-inc.com/ecc-jsbn/download/ecc-jsbn-0.1.2.tgz"
  "version" "0.1.2"
  dependencies:
    "jsbn" "~0.1.0"
    "safer-buffer" "^2.1.0"

"english-verbs-gerunds@^1.1.8":
  "integrity" "sha1-dVKUZ0c4qx7l8B+JfAUKUM23EDQ="
  "resolved" "https://registry.npm.alibaba-inc.com/english-verbs-gerunds/download/english-verbs-gerunds-1.1.8.tgz"
  "version" "1.1.8"

"english-verbs-irregular@^1.1.8":
  "integrity" "sha1-ArHIKh+iEZkxyhv3NQqc2wKfy4o="
  "resolved" "https://registry.npm.alibaba-inc.com/english-verbs-irregular/download/english-verbs-irregular-1.1.8.tgz"
  "version" "1.1.8"

"esbuild-darwin-64@0.14.23":
  "integrity" "sha512-lB0XRbtOYYL1tLcYw8BoBaYsFYiR48RPrA0KfA/7RFTr4MV7Bwy/J4+7nLsVnv9FGuQummM3uJ93J3ptaTqFug=="
  "resolved" "https://registry.npmjs.org/esbuild-darwin-64/-/esbuild-darwin-64-0.14.23.tgz"
  "version" "0.14.23"

"esbuild@^0.14.14":
  "integrity" "sha512-XjnIcZ9KB6lfonCa+jRguXyRYcldmkyZ99ieDksqW/C8bnyEX299yA4QH2XcgijCgaddEZePPTgvx/2imsq7Ig=="
  "resolved" "https://registry.npmjs.org/esbuild/-/esbuild-0.14.23.tgz"
  "version" "0.14.23"
  optionalDependencies:
    "esbuild-android-arm64" "0.14.23"
    "esbuild-darwin-64" "0.14.23"
    "esbuild-darwin-arm64" "0.14.23"
    "esbuild-freebsd-64" "0.14.23"
    "esbuild-freebsd-arm64" "0.14.23"
    "esbuild-linux-32" "0.14.23"
    "esbuild-linux-64" "0.14.23"
    "esbuild-linux-arm" "0.14.23"
    "esbuild-linux-arm64" "0.14.23"
    "esbuild-linux-mips64le" "0.14.23"
    "esbuild-linux-ppc64le" "0.14.23"
    "esbuild-linux-riscv64" "0.14.23"
    "esbuild-linux-s390x" "0.14.23"
    "esbuild-netbsd-64" "0.14.23"
    "esbuild-openbsd-64" "0.14.23"
    "esbuild-sunos-64" "0.14.23"
    "esbuild-windows-32" "0.14.23"
    "esbuild-windows-64" "0.14.23"
    "esbuild-windows-arm64" "0.14.23"

"escape-string-regexp@^1.0.5":
  "integrity" "sha1-G2HAViGQqN/2rjuyzwIAyhMLhtQ="
  "resolved" "https://registry.npm.alibaba-inc.com/escape-string-regexp/download/escape-string-regexp-1.0.5.tgz"
  "version" "1.0.5"

"escodegen@^2.0.0":
  "integrity" "sha1-XjKxKDPoqo+jXhvwvvqJOASEx90="
  "resolved" "https://registry.npm.alibaba-inc.com/escodegen/download/escodegen-2.0.0.tgz"
  "version" "2.0.0"
  dependencies:
    "esprima" "^4.0.1"
    "estraverse" "^5.2.0"
    "esutils" "^2.0.2"
    "optionator" "^0.8.1"
  optionalDependencies:
    "source-map" "~0.6.1"

"esprima@^4.0.1":
  "integrity" "sha1-E7BM2z5sXRnfkatph6hpVhmwqnE="
  "resolved" "https://registry.npm.alibaba-inc.com/esprima/download/esprima-4.0.1.tgz"
  "version" "4.0.1"

"estraverse@^5.2.0":
  "integrity" "sha1-MH30JUfmzHMk088DwVXVzbjFOIA="
  "resolved" "https://registry.npm.alibaba-inc.com/estraverse/download/estraverse-5.2.0.tgz"
  "version" "5.2.0"

"esutils@^2.0.2":
  "integrity" "sha1-dNLrTeC42hKTcRkQ1Qd1ubcQ72Q="
  "resolved" "https://registry.npm.alibaba-inc.com/esutils/download/esutils-2.0.3.tgz"
  "version" "2.0.3"

"extend@~3.0.2":
  "integrity" "sha1-+LETa0Bx+9jrFAr/hYsQGewpFfo="
  "resolved" "https://registry.npm.alibaba-inc.com/extend/download/extend-3.0.2.tgz"
  "version" "3.0.2"

"extsprintf@^1.2.0":
  "integrity" "sha1-4mifjzVvrWLMplo6kcXfX5VRaS8="
  "resolved" "https://registry.npm.alibaba-inc.com/extsprintf/download/extsprintf-1.4.0.tgz"
  "version" "1.4.0"

"extsprintf@1.3.0":
  "integrity" "sha1-lpGEQOMEGnpBT4xS48V06zw+HgU="
  "resolved" "https://registry.npm.alibaba-inc.com/extsprintf/download/extsprintf-1.3.0.tgz"
  "version" "1.3.0"

"fast-deep-equal@^3.1.1":
  "integrity" "sha1-On1WtVnWy8PrUSMlJE5hmmXGxSU="
  "resolved" "https://registry.npm.alibaba-inc.com/fast-deep-equal/download/fast-deep-equal-3.1.3.tgz"
  "version" "3.1.3"

"fast-json-stable-stringify@^2.0.0":
  "integrity" "sha1-h0v2nG9ATCtdmcSBNBOZ/VWJJjM="
  "resolved" "https://registry.npm.alibaba-inc.com/fast-json-stable-stringify/download/fast-json-stable-stringify-2.1.0.tgz"
  "version" "2.1.0"

"fast-levenshtein@~2.0.6":
  "integrity" "sha1-PYpcZog6FqMMqGQ+hR8Zuqd5eRc="
  "resolved" "https://registry.npm.alibaba-inc.com/fast-levenshtein/download/fast-levenshtein-2.0.6.tgz"
  "version" "2.0.6"

"forever-agent@~0.6.1":
  "integrity" "sha1-+8cfDEGt6zf5bFd60e1C2P2sypE="
  "resolved" "https://registry.npm.alibaba-inc.com/forever-agent/download/forever-agent-0.6.1.tgz"
  "version" "0.6.1"

"form-data@~2.3.2":
  "integrity" "sha1-3M5SwF9kTymManq5Nr1yTO/786Y="
  "resolved" "https://registry.npm.alibaba-inc.com/form-data/download/form-data-2.3.3.tgz"
  "version" "2.3.3"
  dependencies:
    "asynckit" "^0.4.0"
    "combined-stream" "^1.0.6"
    "mime-types" "^2.1.12"

"fsevents@~2.3.2":
  "integrity" "sha1-ilJveLj99GI7cJ4Ll1xSwkwC/Ro="
  "resolved" "https://registry.npm.alibaba-inc.com/fsevents/download/fsevents-2.3.2.tgz"
  "version" "2.3.2"

"function-bind@^1.1.1":
  "integrity" "sha512-yIovAzMX49sF8Yl58fSCWJ5svSLuaibPxXQJFLmBObTuCr0Mf1KiPopGM9NiFjiYBCbfaa2Fh6breQ6ANVTI0A=="
  "resolved" "https://registry.npmjs.org/function-bind/-/function-bind-1.1.1.tgz"
  "version" "1.1.1"

"get-func-name@^2.0.0":
  "integrity" "sha1-6td0q+5y4gQJQzoGY2YCPdaIekE="
  "resolved" "https://registry.npmjs.org/get-func-name/-/get-func-name-2.0.0.tgz"
  "version" "2.0.0"

"getpass@^0.1.1":
  "integrity" "sha1-Xv+OPmhNVprkyysSgmBOi6YhSfo="
  "resolved" "https://registry.npm.alibaba-inc.com/getpass/download/getpass-0.1.7.tgz"
  "version" "0.1.7"
  dependencies:
    "assert-plus" "^1.0.0"

"git-commit-msg-linter@^3.1.0":
  "integrity" "sha1-MREg9cZ1SUFbKXJOI3WRi5Lo/Yc="
  "resolved" "https://registry.npm.alibaba-inc.com/git-commit-msg-linter/download/git-commit-msg-linter-3.1.0.tgz"
  "version" "3.1.0"
  dependencies:
    "chalk" "^2.4.2"
    "did-you-mean" "^0.0.1"

"har-schema@^2.0.0":
  "integrity" "sha1-qUwiJOvKwEeCoNkDVSHyRzW37JI="
  "resolved" "https://registry.npm.alibaba-inc.com/har-schema/download/har-schema-2.0.0.tgz"
  "version" "2.0.0"

"har-validator@~5.1.3":
  "integrity" "sha1-HwgDufjLIMD6E4It8ezds2veHv0="
  "resolved" "https://registry.npm.alibaba-inc.com/har-validator/download/har-validator-5.1.5.tgz"
  "version" "5.1.5"
  dependencies:
    "ajv" "^6.12.3"
    "har-schema" "^2.0.0"

"has-flag@^3.0.0":
  "integrity" "sha1-tdRU3CGZriJWmfNGfloH87lVuv0="
  "resolved" "https://registry.npm.alibaba-inc.com/has-flag/download/has-flag-3.0.0.tgz"
  "version" "3.0.0"

"has@^1.0.3":
  "integrity" "sha512-f2dvO0VU6Oej7RkWJGrehjbzMAjFp5/VKPp5tTpWIV4JHHZK1/BxbFRtf/siA2SWTe09caDmVtYYzWEIbBS4zw=="
  "resolved" "https://registry.npmjs.org/has/-/has-1.0.3.tgz"
  "version" "1.0.3"
  dependencies:
    "function-bind" "^1.1.1"

"html-encoding-sniffer@^2.0.1":
  "integrity" "sha1-QqbcT9M/ACgRduiyN1nKTk+hhfM="
  "resolved" "https://registry.npm.alibaba-inc.com/html-encoding-sniffer/download/html-encoding-sniffer-2.0.1.tgz"
  "version" "2.0.1"
  dependencies:
    "whatwg-encoding" "^1.0.5"

"http-signature@~1.2.0":
  "integrity" "sha1-muzZJRFHcvPZW2WmCruPfBj7rOE="
  "resolved" "https://registry.npm.alibaba-inc.com/http-signature/download/http-signature-1.2.0.tgz"
  "version" "1.2.0"
  dependencies:
    "assert-plus" "^1.0.0"
    "jsprim" "^1.2.2"
    "sshpk" "^1.7.0"

"iconv-lite@0.4.24":
  "integrity" "sha1-ICK0sl+93CHS9SSXSkdKr+czkIs="
  "resolved" "https://registry.npm.alibaba-inc.com/iconv-lite/download/iconv-lite-0.4.24.tgz"
  "version" "0.4.24"
  dependencies:
    "safer-buffer" ">= 2.1.2 < 3"

"is-core-module@^2.8.1":
  "integrity" "sha512-SdNCUs284hr40hFTFP6l0IfZ/RSrMXF3qgoRHd3/79unUTvrFO/JoXwkGm+5J/Oe3E/b5GsnG330uUNgRpu1PA=="
  "resolved" "https://registry.npmjs.org/is-core-module/-/is-core-module-2.8.1.tgz"
  "version" "2.8.1"
  dependencies:
    "has" "^1.0.3"

"is-potential-custom-element-name@^1.0.0":
  "integrity" "sha1-Fx7W8Z46xVQ5Tt94yqBXhKRb67U="
  "resolved" "https://registry.npm.alibaba-inc.com/is-potential-custom-element-name/download/is-potential-custom-element-name-1.0.1.tgz"
  "version" "1.0.1"

"is-typedarray@~1.0.0":
  "integrity" "sha1-5HnICFjfDBsR3dppQPlgEfzaSpo="
  "resolved" "https://registry.npm.alibaba-inc.com/is-typedarray/download/is-typedarray-1.0.0.tgz"
  "version" "1.0.0"

"isstream@~0.1.2":
  "integrity" "sha1-R+Y/evVa+m+S4VAOaQ64uFKcCZo="
  "resolved" "https://registry.npm.alibaba-inc.com/isstream/download/isstream-0.1.2.tgz"
  "version" "0.1.2"

"jsbn@~0.1.0":
  "integrity" "sha1-peZUwuWi3rXyAdls77yoDA7y9RM="
  "resolved" "https://registry.npm.alibaba-inc.com/jsbn/download/jsbn-0.1.1.tgz"
  "version" "0.1.1"

"jsdom@*":
  "integrity" "sha1-WD+siaCuox2/Yjfn5L7czZvqtHI="
  "resolved" "https://registry.npm.alibaba-inc.com/jsdom/download/jsdom-16.5.2.tgz"
  "version" "16.5.2"
  dependencies:
    "abab" "^2.0.5"
    "acorn" "^8.1.0"
    "acorn-globals" "^6.0.0"
    "cssom" "^0.4.4"
    "cssstyle" "^2.3.0"
    "data-urls" "^2.0.0"
    "decimal.js" "^10.2.1"
    "domexception" "^2.0.1"
    "escodegen" "^2.0.0"
    "html-encoding-sniffer" "^2.0.1"
    "is-potential-custom-element-name" "^1.0.0"
    "nwsapi" "^2.2.0"
    "parse5" "6.0.1"
    "request" "^2.88.2"
    "request-promise-native" "^1.0.9"
    "saxes" "^5.0.1"
    "symbol-tree" "^3.2.4"
    "tough-cookie" "^4.0.0"
    "w3c-hr-time" "^1.0.2"
    "w3c-xmlserializer" "^2.0.0"
    "webidl-conversions" "^6.1.0"
    "whatwg-encoding" "^1.0.5"
    "whatwg-mimetype" "^2.3.0"
    "whatwg-url" "^8.5.0"
    "ws" "^7.4.4"
    "xml-name-validator" "^3.0.0"

"json-schema-traverse@^0.4.1":
  "integrity" "sha1-afaofZUTq4u4/mO9sJecRI5oRmA="
  "resolved" "https://registry.npm.alibaba-inc.com/json-schema-traverse/download/json-schema-traverse-0.4.1.tgz"
  "version" "0.4.1"

"json-schema@0.2.3":
  "integrity" "sha1-tIDIkuWaLwWVTOcnvT8qTogvnhM="
  "resolved" "https://registry.npm.alibaba-inc.com/json-schema/download/json-schema-0.2.3.tgz"
  "version" "0.2.3"

"json-stringify-safe@~5.0.1":
  "integrity" "sha1-Epai1Y/UXxmg9s4B1lcB4sc1tus="
  "resolved" "https://registry.npm.alibaba-inc.com/json-stringify-safe/download/json-stringify-safe-5.0.1.tgz"
  "version" "5.0.1"

"jsprim@^1.2.2":
  "integrity" "sha1-MT5mvB5cwG5Di8G3SZwuXFastqI="
  "resolved" "https://registry.npm.alibaba-inc.com/jsprim/download/jsprim-1.4.1.tgz"
  "version" "1.4.1"
  dependencies:
    "assert-plus" "1.0.0"
    "extsprintf" "1.3.0"
    "json-schema" "0.2.3"
    "verror" "1.10.0"

"levenshtein@*":
  "integrity" "sha1-ORFzepy1baNF0Aj1V4LG8TiXm6M="
  "resolved" "https://registry.npm.alibaba-inc.com/levenshtein/download/levenshtein-1.0.5.tgz"
  "version" "1.0.5"

"levn@~0.3.0":
  "integrity" "sha1-OwmSTt+fCDwEkP3UwLxEIeBHZO4="
  "resolved" "https://registry.npm.alibaba-inc.com/levn/download/levn-0.3.0.tgz"
  "version" "0.3.0"
  dependencies:
    "prelude-ls" "~1.1.2"
    "type-check" "~0.3.2"

"local-pkg@^0.4.1":
  "integrity" "sha512-lL87ytIGP2FU5PWwNDo0w3WhIo2gopIAxPg9RxDYF7m4rr5ahuZxP22xnJHIvaLTe4Z9P6uKKY2UHiwyB4pcrw=="
  "resolved" "https://registry.npmjs.org/local-pkg/-/local-pkg-0.4.1.tgz"
  "version" "0.4.1"

"lodash@^4.17.19", "lodash@^4.7.0":
  "integrity" "sha1-Z5WRxWTDv/quhFTPCz3zcMPWkRw="
  "resolved" "https://registry.npm.alibaba-inc.com/lodash/download/lodash-4.17.21.tgz"
  "version" "4.17.21"

"loupe@^2.3.1":
  "integrity" "sha512-OvKfgCC2Ndby6aSTREl5aCCPTNIzlDfQZvZxNUrBrihDhL3xcrYegTblhmEiCrg2kKQz4XsFIaemE5BF4ybSaQ=="
  "resolved" "https://registry.npmjs.org/loupe/-/loupe-2.3.4.tgz"
  "version" "2.3.4"
  dependencies:
    "get-func-name" "^2.0.0"

"mime-db@1.47.0":
  "integrity" "sha1-jLMT5Zll08Bc+/iYkVomevRqM1w="
  "resolved" "https://registry.npm.alibaba-inc.com/mime-db/download/mime-db-1.47.0.tgz"
  "version" "1.47.0"

"mime-types@^2.1.12", "mime-types@~2.1.19":
  "integrity" "sha1-bnvotMR5gl+F7WMmaV23P5MF1i0="
  "resolved" "https://registry.npm.alibaba-inc.com/mime-types/download/mime-types-2.1.30.tgz"
  "version" "2.1.30"
  dependencies:
    "mime-db" "1.47.0"

"nanoid@^3.3.1":
  "integrity" "sha512-n6Vs/3KGyxPQd6uO0eH4Bv0ojGSUvuLlIHtC3Y0kEO23YRge8H9x1GCzLn28YX0H66pMkxuaeESFq4tKISKwdw=="
  "resolved" "https://registry.npmjs.org/nanoid/-/nanoid-3.3.1.tgz"
  "version" "3.3.1"

"nwsapi@^2.2.0":
  "integrity" "sha1-IEh5qePQaP8qVROcLHcngGgaOLc="
  "resolved" "https://registry.npm.alibaba-inc.com/nwsapi/download/nwsapi-2.2.0.tgz"
  "version" "2.2.0"

"oauth-sign@~0.9.0":
  "integrity" "sha1-R6ewFrqmi1+g7PPe4IqFxnmsZFU="
  "resolved" "https://registry.npm.alibaba-inc.com/oauth-sign/download/oauth-sign-0.9.0.tgz"
  "version" "0.9.0"

"optionator@^0.8.1":
  "integrity" "sha1-hPodA2/p08fiHZmIS2ARZ+yPtJU="
  "resolved" "https://registry.npm.alibaba-inc.com/optionator/download/optionator-0.8.3.tgz"
  "version" "0.8.3"
  dependencies:
    "deep-is" "~0.1.3"
    "fast-levenshtein" "~2.0.6"
    "levn" "~0.3.0"
    "prelude-ls" "~1.1.2"
    "type-check" "~0.3.2"
    "word-wrap" "~1.2.3"

"parse5@6.0.1":
  "integrity" "sha1-4aHAhcVps9wIMhGE8Zo5zCf3wws="
  "resolved" "https://registry.npm.alibaba-inc.com/parse5/download/parse5-6.0.1.tgz"
  "version" "6.0.1"

"path-parse@^1.0.7":
  "integrity" "sha512-LDJzPVEEEPR+y48z93A0Ed0yXb8pAByGWo/k5YYdYgpY2/2EsOsksJrq7lOHxryrVOn1ejG6oAp8ahvOIQD8sw=="
  "resolved" "https://registry.npmjs.org/path-parse/-/path-parse-1.0.7.tgz"
  "version" "1.0.7"

"pathval@^1.1.1":
  "integrity" "sha512-Dp6zGqpTdETdR63lehJYPeIOqpiNBNtc7BpWSLrOje7UaIsE5aY92r/AunQA7rsXvet3lrJ3JnZX29UPTKXyKQ=="
  "resolved" "https://registry.npmjs.org/pathval/-/pathval-1.1.1.tgz"
  "version" "1.1.1"

"performance-now@^2.1.0":
  "integrity" "sha1-Ywn04OX6kT7BxpMHrjZLSzd8nns="
  "resolved" "https://registry.npm.alibaba-inc.com/performance-now/download/performance-now-2.1.0.tgz"
  "version" "2.1.0"

"picocolors@^1.0.0":
  "integrity" "sha512-1fygroTLlHu66zi26VoTDv8yRgm0Fccecssto+MhsZ0D/DGW2sm8E8AjW7NU5VVTRt5GxbeZ5qBuJr+HyLYkjQ=="
  "resolved" "https://registry.npmjs.org/picocolors/-/picocolors-1.0.0.tgz"
  "version" "1.0.0"

"pos@^0.4.2":
  "integrity" "sha1-IOnHf77tzDVoI86mPHWFys6Tvio="
  "resolved" "https://registry.npmjs.org/pos/-/pos-0.4.2.tgz"
  "version" "0.4.2"

"postcss@^8.4.6":
  "integrity" "sha512-L9Ye3r6hkkCeOETQX6iOaWZgjp3LL6Lpqm6EtgbKrgqGGteRMNb9vzBfRL96YOSu8o7x3MfIH9Mo5cPJFGrW6A=="
  "resolved" "https://registry.npmjs.org/postcss/-/postcss-8.4.7.tgz"
  "version" "8.4.7"
  dependencies:
    "nanoid" "^3.3.1"
    "picocolors" "^1.0.0"
    "source-map-js" "^1.0.2"

"prelude-ls@~1.1.2":
  "integrity" "sha1-IZMqVJ9eUv/ZqCf1cOBL5iqX2lQ="
  "resolved" "https://registry.npm.alibaba-inc.com/prelude-ls/download/prelude-ls-1.1.2.tgz"
  "version" "1.1.2"

"psl@^1.1.28", "psl@^1.1.33":
  "integrity" "sha1-kyb4vPsBOtzABf3/BWrM4CDlHCQ="
  "resolved" "https://registry.npm.alibaba-inc.com/psl/download/psl-1.8.0.tgz"
  "version" "1.8.0"

"punycode@^2.1.0", "punycode@^2.1.1":
  "integrity" "sha1-tYsBCsQMIsVldhbI0sLALHv0eew="
  "resolved" "https://registry.npm.alibaba-inc.com/punycode/download/punycode-2.1.1.tgz"
  "version" "2.1.1"

"qs@~6.5.2":
  "integrity" "sha1-yzroBuh0BERYTvFUzo7pjUA/PjY="
  "resolved" "https://registry.npm.alibaba-inc.com/qs/download/qs-6.5.2.tgz"
  "version" "6.5.2"

"request-promise-core@1.1.4":
  "integrity" "sha1-Pu3UIjII1BmGe3jOgVFn0QWToi8="
  "resolved" "https://registry.npm.alibaba-inc.com/request-promise-core/download/request-promise-core-1.1.4.tgz"
  "version" "1.1.4"
  dependencies:
    "lodash" "^4.17.19"

"request-promise-native@^1.0.9":
  "integrity" "sha1-5AcSBSal79yaObKKVnm/R7nZ3Cg="
  "resolved" "https://registry.npm.alibaba-inc.com/request-promise-native/download/request-promise-native-1.0.9.tgz"
  "version" "1.0.9"
  dependencies:
    "request-promise-core" "1.1.4"
    "stealthy-require" "^1.1.1"
    "tough-cookie" "^2.3.3"

"request@^2.34", "request@^2.88.2":
  "integrity" "sha1-1zyRhzHLWofaBH4gcjQUb2ZNErM="
  "resolved" "https://registry.npm.alibaba-inc.com/request/download/request-2.88.2.tgz"
  "version" "2.88.2"
  dependencies:
    "aws-sign2" "~0.7.0"
    "aws4" "^1.8.0"
    "caseless" "~0.12.0"
    "combined-stream" "~1.0.6"
    "extend" "~3.0.2"
    "forever-agent" "~0.6.1"
    "form-data" "~2.3.2"
    "har-validator" "~5.1.3"
    "http-signature" "~1.2.0"
    "is-typedarray" "~1.0.0"
    "isstream" "~0.1.2"
    "json-stringify-safe" "~5.0.1"
    "mime-types" "~2.1.19"
    "oauth-sign" "~0.9.0"
    "performance-now" "^2.1.0"
    "qs" "~6.5.2"
    "safe-buffer" "^5.1.2"
    "tough-cookie" "~2.5.0"
    "tunnel-agent" "^0.6.0"
    "uuid" "^3.3.2"

"resolve@^1.22.0":
  "integrity" "sha512-Hhtrw0nLeSrFQ7phPp4OOcVjLPIeMnRlr5mcnVuMe7M/7eBn98A3hmFRLoFo3DLZkivSYwhRUJTyPyWAk56WLw=="
  "resolved" "https://registry.npmjs.org/resolve/-/resolve-1.22.0.tgz"
  "version" "1.22.0"
  dependencies:
    "is-core-module" "^2.8.1"
    "path-parse" "^1.0.7"
    "supports-preserve-symlinks-flag" "^1.0.0"

"rollup@^2.59.0":
  "integrity" "sha512-XrMKOYK7oQcTio4wyTz466mucnd8LzkiZLozZ4Rz0zQD+HeX4nUK4B8GrTX/2EvN2/vBF/i2WnaXboPxo0JylA=="
  "resolved" "https://registry.npmjs.org/rollup/-/rollup-2.68.0.tgz"
  "version" "2.68.0"
  optionalDependencies:
    "fsevents" "~2.3.2"

"safe-buffer@^5.0.1", "safe-buffer@^5.1.2":
  "integrity" "sha1-Hq+fqb2x/dTsdfWPnNtOa3gn7sY="
  "resolved" "https://registry.npm.alibaba-inc.com/safe-buffer/download/safe-buffer-5.2.1.tgz"
  "version" "5.2.1"

"safer-buffer@^2.0.2", "safer-buffer@^2.1.0", "safer-buffer@>= 2.1.2 < 3", "safer-buffer@~2.1.0":
  "integrity" "sha1-RPoWGwGHuVSd2Eu5GAL5vYOFzWo="
  "resolved" "https://registry.npm.alibaba-inc.com/safer-buffer/download/safer-buffer-2.1.2.tgz"
  "version" "2.1.2"

"saxes@^5.0.1":
  "integrity" "sha1-7rq5U/o7dgjb6U5drbFciI+maW0="
  "resolved" "https://registry.npm.alibaba-inc.com/saxes/download/saxes-5.0.1.tgz"
  "version" "5.0.1"
  dependencies:
    "xmlchars" "^2.2.0"

"source-map-js@^1.0.2":
  "integrity" "sha512-R0XvVJ9WusLiqTCEiGCmICCMplcCkIwwR11mOSD9CR5u+IXYdiseeEuXCVAjS54zqwkLcPNnmU4OeJ6tUrWhDw=="
  "resolved" "https://registry.npmjs.org/source-map-js/-/source-map-js-1.0.2.tgz"
  "version" "1.0.2"

"source-map@~0.6.1":
  "integrity" "sha1-dHIq8y6WFOnCh6jQu95IteLxomM="
  "resolved" "https://registry.npm.alibaba-inc.com/source-map/download/source-map-0.6.1.tgz"
  "version" "0.6.1"

"sshpk@^1.7.0":
  "integrity" "sha1-+2YcC+8ps520B2nuOfpwCT1vaHc="
  "resolved" "https://registry.npm.alibaba-inc.com/sshpk/download/sshpk-1.16.1.tgz"
  "version" "1.16.1"
  dependencies:
    "asn1" "~0.2.3"
    "assert-plus" "^1.0.0"
    "bcrypt-pbkdf" "^1.0.0"
    "dashdash" "^1.12.0"
    "ecc-jsbn" "~0.1.1"
    "getpass" "^0.1.1"
    "jsbn" "~0.1.0"
    "safer-buffer" "^2.0.2"
    "tweetnacl" "~0.14.0"

"stealthy-require@^1.1.1":
  "integrity" "sha1-NbCYdbT/SfJqd35QmzCQoyJr8ks="
  "resolved" "https://registry.npm.alibaba-inc.com/stealthy-require/download/stealthy-require-1.1.1.tgz"
  "version" "1.1.1"

"supports-color@^5.3.0":
  "integrity" "sha1-4uaaRKyHcveKHsCzW2id9lMO/I8="
  "resolved" "https://registry.npm.alibaba-inc.com/supports-color/download/supports-color-5.5.0.tgz"
  "version" "5.5.0"
  dependencies:
    "has-flag" "^3.0.0"

"supports-preserve-symlinks-flag@^1.0.0":
  "integrity" "sha512-ot0WnXS9fgdkgIcePe6RHNk1WA8+muPa6cSjeR3V8K27q9BB1rTE3R1p7Hv0z1ZyAc8s6Vvv8DIyWf681MAt0w=="
  "resolved" "https://registry.npmjs.org/supports-preserve-symlinks-flag/-/supports-preserve-symlinks-flag-1.0.0.tgz"
  "version" "1.0.0"

"symbol-tree@^3.2.4":
  "integrity" "sha1-QwY30ki6d+B4iDlR+5qg7tfGP6I="
  "resolved" "https://registry.npm.alibaba-inc.com/symbol-tree/download/symbol-tree-3.2.4.tgz"
  "version" "3.2.4"

"tinypool@^0.1.2":
  "integrity" "sha512-fvtYGXoui2RpeMILfkvGIgOVkzJEGediv8UJt7TxdAOY8pnvUkFg/fkvqTfXG9Acc9S17Cnn1S4osDc2164guA=="
  "resolved" "https://registry.npmjs.org/tinypool/-/tinypool-0.1.2.tgz"
  "version" "0.1.2"

"tinyspy@^0.3.0":
  "integrity" "sha512-c5uFHqtUp74R2DJE3/Efg0mH5xicmgziaQXMm/LvuuZn3RdpADH32aEGDRyCzObXT1DNfwDMqRQ/Drh1MlO12g=="
  "resolved" "https://registry.npmjs.org/tinyspy/-/tinyspy-0.3.0.tgz"
  "version" "0.3.0"

"tough-cookie@^2.3.3", "tough-cookie@~2.5.0":
  "integrity" "sha1-zZ+yoKodWhK0c72fuW+j3P9lreI="
  "resolved" "https://registry.npm.alibaba-inc.com/tough-cookie/download/tough-cookie-2.5.0.tgz"
  "version" "2.5.0"
  dependencies:
    "psl" "^1.1.28"
    "punycode" "^2.1.1"

"tough-cookie@^4.0.0":
  "integrity" "sha1-2CIjTuyogvmR8PkIgkrSYi3b7OQ="
  "resolved" "https://registry.npm.alibaba-inc.com/tough-cookie/download/tough-cookie-4.0.0.tgz"
  "version" "4.0.0"
  dependencies:
    "psl" "^1.1.33"
    "punycode" "^2.1.1"
    "universalify" "^0.1.2"

"tr46@^2.0.2":
  "integrity" "sha1-Ayc1ht7xWVrgj+2zjXczzukdJHk="
  "resolved" "https://registry.npm.alibaba-inc.com/tr46/download/tr46-2.0.2.tgz"
  "version" "2.0.2"
  dependencies:
    "punycode" "^2.1.1"

"tunnel-agent@^0.6.0":
  "integrity" "sha1-J6XeoGs2sEoKmWZ3SykIaPD8QP0="
  "resolved" "https://registry.npm.alibaba-inc.com/tunnel-agent/download/tunnel-agent-0.6.0.tgz"
  "version" "0.6.0"
  dependencies:
    "safe-buffer" "^5.0.1"

"tweetnacl@^0.14.3", "tweetnacl@~0.14.0":
  "integrity" "sha1-WuaBd/GS1EViadEIr6k/+HQ/T2Q="
  "resolved" "https://registry.npm.alibaba-inc.com/tweetnacl/download/tweetnacl-0.14.5.tgz"
  "version" "0.14.5"

"type-check@~0.3.2":
  "integrity" "sha1-WITKtRLPHTVeP7eE8wgEsrUg23I="
  "resolved" "https://registry.npm.alibaba-inc.com/type-check/download/type-check-0.3.2.tgz"
  "version" "0.3.2"
  dependencies:
    "prelude-ls" "~1.1.2"

"type-detect@^4.0.0", "type-detect@^4.0.5":
  "integrity" "sha1-dkb7XxiHHPu3dJ5pvTmmOI63RQw="
  "resolved" "https://registry.npm.alibaba-inc.com/type-detect/download/type-detect-4.0.8.tgz"
  "version" "4.0.8"

"underscore@*":
  "integrity" "sha1-PM3LuCQjD8a/I0rQ3c2D3/Tq/l8="
  "resolved" "https://registry.npm.alibaba-inc.com/underscore/download/underscore-1.13.0.tgz"
  "version" "1.13.0"

"universalify@^0.1.2":
  "integrity" "sha1-tkb2m+OULavOzJ1mOcgNwQXvqmY="
  "resolved" "https://registry.npm.alibaba-inc.com/universalify/download/universalify-0.1.2.tgz"
  "version" "0.1.2"

"uri-js@^4.2.2":
  "integrity" "sha1-mxpSWVIlhZ5V9mnZKPiMbFfyp34="
  "resolved" "https://registry.npm.alibaba-inc.com/uri-js/download/uri-js-4.4.1.tgz"
  "version" "4.4.1"
  dependencies:
    "punycode" "^2.1.0"

"uuid@^3.3.2":
  "integrity" "sha1-sj5DWK+oogL+ehAK8fX4g/AgB+4="
  "resolved" "https://registry.npm.alibaba-inc.com/uuid/download/uuid-3.4.0.tgz"
  "version" "3.4.0"

"verror@1.10.0":
  "integrity" "sha1-OhBcoXBTr1XW4nDB+CiGguGNpAA="
  "resolved" "https://registry.npm.alibaba-inc.com/verror/download/verror-1.10.0.tgz"
  "version" "1.10.0"
  dependencies:
    "assert-plus" "^1.0.0"
    "core-util-is" "1.0.2"
    "extsprintf" "^1.2.0"

"vite@^2.7.10":
  "integrity" "sha512-GwtOkkaT2LDI82uWZKcrpRQxP5tymLnC7hVHHqNkhFNknYr0hJUlDLfhVRgngJvAy3RwypkDCWtTKn1BjO96Dw=="
  "resolved" "https://registry.npmjs.org/vite/-/vite-2.8.4.tgz"
  "version" "2.8.4"
  dependencies:
    "esbuild" "^0.14.14"
    "postcss" "^8.4.6"
    "resolve" "^1.22.0"
    "rollup" "^2.59.0"
  optionalDependencies:
    "fsevents" "~2.3.2"

"vitest@^0.5.7":
  "integrity" "sha512-keLLxLGi+dkXFUuKxCXnBw5MkSZ03cynlG6+LVLaKoyUuW8Xu6NzX1oC6dVNm6Ig7mw6gX9OHV+Lpmcc3tu/mQ=="
  "resolved" "https://registry.npmjs.org/vitest/-/vitest-0.5.7.tgz"
  "version" "0.5.7"
  dependencies:
    "@types/chai" "^4.3.0"
    "@types/chai-subset" "^1.3.3"
    "chai" "^4.3.6"
    "local-pkg" "^0.4.1"
    "tinypool" "^0.1.2"
    "tinyspy" "^0.3.0"
    "vite" "^2.7.10"

"w3c-hr-time@^1.0.2":
  "integrity" "sha1-ConN9cwVgi35w2BUNnaWPgzDCM0="
  "resolved" "https://registry.npm.alibaba-inc.com/w3c-hr-time/download/w3c-hr-time-1.0.2.tgz"
  "version" "1.0.2"
  dependencies:
    "browser-process-hrtime" "^1.0.0"

"w3c-xmlserializer@^2.0.0":
  "integrity" "sha1-PnEEoFt1FGzGD1ZDgLf2g6zxAgo="
  "resolved" "https://registry.npm.alibaba-inc.com/w3c-xmlserializer/download/w3c-xmlserializer-2.0.0.tgz"
  "version" "2.0.0"
  dependencies:
    "xml-name-validator" "^3.0.0"

"webidl-conversions@^5.0.0":
  "integrity" "sha1-rlnIoAsSFUOirMZcBDT1ew/BGv8="
  "resolved" "https://registry.npm.alibaba-inc.com/webidl-conversions/download/webidl-conversions-5.0.0.tgz"
  "version" "5.0.0"

"webidl-conversions@^6.1.0":
  "integrity" "sha1-kRG01+qArNQPUnDWZmIa+ni2lRQ="
  "resolved" "https://registry.npm.alibaba-inc.com/webidl-conversions/download/webidl-conversions-6.1.0.tgz"
  "version" "6.1.0"

"whatwg-encoding@^1.0.5":
  "integrity" "sha1-WrrPd3wyFmpR0IXWtPPn0nET3bA="
  "resolved" "https://registry.npm.alibaba-inc.com/whatwg-encoding/download/whatwg-encoding-1.0.5.tgz"
  "version" "1.0.5"
  dependencies:
    "iconv-lite" "0.4.24"

"whatwg-mimetype@^2.3.0":
  "integrity" "sha1-PUseAxLSB5h5+Cav8Y2+7KWWD78="
  "resolved" "https://registry.npm.alibaba-inc.com/whatwg-mimetype/download/whatwg-mimetype-2.3.0.tgz"
  "version" "2.3.0"

"whatwg-url@^8.0.0", "whatwg-url@^8.5.0":
  "integrity" "sha1-d1K4Rk/AkD/siaqYRvye/gc1H9M="
  "resolved" "https://registry.npm.alibaba-inc.com/whatwg-url/download/whatwg-url-8.5.0.tgz"
  "version" "8.5.0"
  dependencies:
    "lodash" "^4.7.0"
    "tr46" "^2.0.2"
    "webidl-conversions" "^6.1.0"

"word-wrap@~1.2.3":
  "integrity" "sha1-YQY29rH3A4kb00dxzLF/uTtHB5w="
  "resolved" "https://registry.npm.alibaba-inc.com/word-wrap/download/word-wrap-1.2.3.tgz"
  "version" "1.2.3"

"ws@^7.4.4":
  "integrity" "sha1-ODvJdCyyAikskHfOq29gR7F/LVk="
  "resolved" "https://registry.npm.alibaba-inc.com/ws/download/ws-7.4.4.tgz"
  "version" "7.4.4"

"xml-name-validator@^3.0.0":
  "integrity" "sha1-auc+Bt5NjG5H+fsYH3jWSK1FfGo="
  "resolved" "https://registry.npm.alibaba-inc.com/xml-name-validator/download/xml-name-validator-3.0.0.tgz"
  "version" "3.0.0"

"xmlchars@^2.2.0":
  "integrity" "sha1-Bg/hvLf5x2/ioX24apvDq4lCEMs="
  "resolved" "https://registry.npm.alibaba-inc.com/xmlchars/download/xmlchars-2.2.0.tgz"
  "version" "2.2.0"
